
Microsoft Visual Studio Solution File, Format Version 12.00
# Visual Studio 15
VisualStudioVersion = 15.0.28010.2046
MinimumVisualStudioVersion = 10.0.40219.1
Project("{FAE04EC0-301F-11D3-BF4B-00C04F79EFBC}") = "NativeMessaging", "NativeMessaging.csproj", "{7617A281-576A-4478-BFA7-44530AC2ED6C}"
EndProject
Project("{FAE04EC0-301F-11D3-BF4B-00C04F79EFBC}") = "NativeMessagingApp", "..\NativeMessagingApp\NativeMessagingApp.csproj", "{78D5C11C-EE42-4F8E-8298-A2E2F3BCF138}"
EndProject
Global
	GlobalSection(SolutionConfigurationPlatforms) = preSolution
		Debug|Any CPU = Debug|Any CPU
		Release|Any CPU = Release|Any CPU
	EndGlobalSection
	GlobalSection(ProjectConfigurationPlatforms) = postSolution
		{7617A281-576A-4478-BFA7-44530AC2ED6C}.Debug|Any CPU.ActiveCfg = Debug|Any CPU
		{7617A281-576A-4478-BFA7-44530AC2ED6C}.Debug|Any CPU.Build.0 = Debug|Any CPU
		{7617A281-576A-4478-BFA7-44530AC2ED6C}.Release|Any CPU.ActiveCfg = Release|Any CPU
		{7617A281-576A-4478-BFA7-44530AC2ED6C}.Release|Any CPU.Build.0 = Release|Any CPU
		{78D5C11C-EE42-4F8E-8298-A2E2F3BCF138}.Debug|Any CPU.ActiveCfg = Debug|Any CPU
		{78D5C11C-EE42-4F8E-8298-A2E2F3BCF138}.Debug|Any CPU.Build.0 = Debug|Any CPU
		{78D5C11C-EE42-4F8E-8298-A2E2F3BCF138}.Release|Any CPU.ActiveCfg = Release|Any CPU
		{78D5C11C-EE42-4F8E-8298-A2E2F3BCF138}.Release|Any CPU.Build.0 = Release|Any CPU
	EndGlobalSection
	GlobalSection(SolutionProperties) = preSolution
		HideSolutionNode = FALSE
	EndGlobalSection
	GlobalSection(ExtensibilityGlobals) = postSolution
		SolutionGuid = {A39BF35E-2452-4094-96EC-782A8FFA9CEC}
	EndGlobalSection
EndGlobal
