
Microsoft Visual Studio Solution File, Format Version 12.00
# Visual Studio 15
VisualStudioVersion = 15.0.28010.2046
MinimumVisualStudioVersion = 10.0.40219.1
Project("{FAE04EC0-301F-11D3-BF4B-00C04F79EFBC}") = "AzureFunction.CreateTeamsUsingSiteTemplate", "AzureFunction.CreateTeamsUsingSiteTemplate\AzureFunction.CreateTeamsUsingSiteTemplate.csproj", "{FCFB1602-74A7-4545-B3E3-C171D5B00718}"
EndProject
Global
	GlobalSection(SolutionConfigurationPlatforms) = preSolution
		Debug|Any CPU = Debug|Any CPU
		Release|Any CPU = Release|Any CPU
	EndGlobalSection
	GlobalSection(ProjectConfigurationPlatforms) = postSolution
		{FCFB1602-74A7-4545-B3E3-C171D5B00718}.Debug|Any CPU.ActiveCfg = Debug|Any CPU
		{FCFB1602-74A7-4545-B3E3-C171D5B00718}.Debug|Any CPU.Build.0 = Debug|Any CPU
		{FCFB1602-74A7-4545-B3E3-C171D5B00718}.Release|Any CPU.ActiveCfg = Release|Any CPU
		{FCFB1602-74A7-4545-B3E3-C171D5B00718}.Release|Any CPU.Build.0 = Release|Any CPU
	EndGlobalSection
	GlobalSection(SolutionProperties) = preSolution
		HideSolutionNode = FALSE
	EndGlobalSection
	GlobalSection(ExtensibilityGlobals) = postSolution
		SolutionGuid = {ABAFFBBB-D1DF-4561-A967-AF894C2B7BAF}
	EndGlobalSection
EndGlobal
